// !$*UTF8*$!
{
	archiveVersion = 1;
	classes = {
	};
	objectVersion = 48;
	objects = {

/* Begin PBXBuildFile section */
		47CDA2363E46735E8261202F /* libPods-MVVM_RACDemo.a in Frameworks */ = {isa = PBXBuildFile; fileRef = 2754268D6720507221BBF52C /* libPods-MVVM_RACDemo.a */; };
		7733FB9D2086D8D300BA9702 /* LoginModel.m in Sources */ = {isa = PBXBuildFile; fileRef = 7733FB9C2086D8D300BA9702 /* LoginModel.m */; };
		7733FBA02086D92700BA9702 /* LoginViewModel.m in Sources */ = {isa = PBXBuildFile; fileRef = 7733FB9F2086D92700BA9702 /* LoginViewModel.m */; };
		77A15A4B2085951B002387FA /* AppDelegate.m in Sources */ = {isa = PBXBuildFile; fileRef = 77A15A4A2085951B002387FA /* AppDelegate.m */; };
		77A15A4E2085951B002387FA /* ViewController.m in Sources */ = {isa = PBXBuildFile; fileRef = 77A15A4D2085951B002387FA /* ViewController.m */; };
		77A15A512085951B002387FA /* Main.storyboard in Resources */ = {isa = PBXBuildFile; fileRef = 77A15A4F2085951B002387FA /* Main.storyboard */; };
		77A15A532085951B002387FA /* Assets.xcassets in Resources */ = {isa = PBXBuildFile; fileRef = 77A15A522085951B002387FA /* Assets.xcassets */; };
		77A15A562085951B002387FA /* LaunchScreen.storyboard in Resources */ = {isa = PBXBuildFile; fileRef = 77A15A542085951B002387FA /* LaunchScreen.storyboard */; };
		77A15A592085951B002387FA /* main.m in Sources */ = {isa = PBXBuildFile; fileRef = 77A15A582085951B002387FA /* main.m */; };
/* End PBXBuildFile section */

/* Begin PBXFileReference section */
		2754268D6720507221BBF52C /* libPods-MVVM_RACDemo.a */ = {isa = PBXFileReference; explicitFileType = archive.ar; includeInIndex = 0; path = "libPods-MVVM_RACDemo.a"; sourceTree = BUILT_PRODUCTS_DIR; };
		7559C559F34CEA37A286D84E /* Pods-MVVM_RACDemo.release.xcconfig */ = {isa = PBXFileReference; includeInIndex = 1; lastKnownFileType = text.xcconfig; name = "Pods-MVVM_RACDemo.release.xcconfig"; path = "Pods/Target Support Files/Pods-MVVM_RACDemo/Pods-MVVM_RACDemo.release.xcconfig"; sourceTree = "<group>"; };
		7733FB9B2086D8D300BA9702 /* LoginModel.h */ = {isa = PBXFileReference; lastKnownFileType = sourcecode.c.h; path = LoginModel.h; sourceTree = "<group>"; };
		7733FB9C2086D8D300BA9702 /* LoginModel.m */ = {isa = PBXFileReference; lastKnownFileType = sourcecode.c.objc; path = LoginModel.m; sourceTree = "<group>"; };
		7733FB9E2086D92700BA9702 /* LoginViewModel.h */ = {isa = PBXFileReference; lastKnownFileType = sourcecode.c.h; path = LoginViewModel.h; sourceTree = "<group>"; };
		7733FB9F2086D92700BA9702 /* LoginViewModel.m */ = {isa = PBXFileReference; lastKnownFileType = sourcecode.c.objc; path = LoginViewModel.m; sourceTree = "<group>"; };
		77A15A462085951B002387FA /* MVVM_RACDemo.app */ = {isa = PBXFileReference; explicitFileType = wrapper.application; includeInIndex = 0; path = MVVM_RACDemo.app; sourceTree = BUILT_PRODUCTS_DIR; };
		77A15A492085951B002387FA /* AppDelegate.h */ = {isa = PBXFileReference; lastKnownFileType = sourcecode.c.h; path = AppDelegate.h; sourceTree = "<group>"; };
		77A15A4A2085951B002387FA /* AppDelegate.m */ = {isa = PBXFileReference; lastKnownFileType = sourcecode.c.objc; path = AppDelegate.m; sourceTree = "<group>"; };
		77A15A4C2085951B002387FA /* ViewController.h */ = {isa = PBXFileReference; lastKnownFileType = sourcecode.c.h; path = ViewController.h; sourceTree = "<group>"; };
		77A15A4D2085951B002387FA /* ViewController.m */ = {isa = PBXFileReference; lastKnownFileType = sourcecode.c.objc; path = ViewController.m; sourceTree = "<group>"; };
		77A15A502085951B002387FA /* Base */ = {isa = PBXFileReference; lastKnownFileType = file.storyboard; name = Base; path = Base.lproj/Main.storyboard; sourceTree = "<group>"; };
		77A15A522085951B002387FA /* Assets.xcassets */ = {isa = PBXFileReference; lastKnownFileType = folder.assetcatalog; path = Assets.xcassets; sourceTree = "<group>"; };
		77A15A552085951B002387FA /* Base */ = {isa = PBXFileReference; lastKnownFileType = file.storyboard; name = Base; path = Base.lproj/LaunchScreen.storyboard; sourceTree = "<group>"; };
		77A15A572085951B002387FA /* Info.plist */ = {isa = PBXFileReference; lastKnownFileType = text.plist.xml; path = Info.plist; sourceTree = "<group>"; };
		77A15A582085951B002387FA /* main.m */ = {isa = PBXFileReference; lastKnownFileType = sourcecode.c.objc; path = main.m; sourceTree = "<group>"; };
		AC38B0EB68422D3DB0B29FFF /* Pods-MVVM_RACDemo.debug.xcconfig */ = {isa = PBXFileReference; includeInIndex = 1; lastKnownFileType = text.xcconfig; name = "Pods-MVVM_RACDemo.debug.xcconfig"; path = "Pods/Target Support Files/Pods-MVVM_RACDemo/Pods-MVVM_RACDemo.debug.xcconfig"; sourceTree = "<group>"; };
/* End PBXFileReference section */

/* Begin PBXFrameworksBuildPhase section */
		77A15A432085951B002387FA /* Frameworks */ = {
			isa = PBXFrameworksBuildPhase;
			buildActionMask = 2147483647;
			files = (
				47CDA2363E46735E8261202F /* libPods-MVVM_RACDemo.a in Frameworks */,
			);
			runOnlyForDeploymentPostprocessing = 0;
		};
/* End PBXFrameworksBuildPhase section */

/* Begin PBXGroup section */
		17C505A52D29A081AFBABD0E /* Frameworks */ = {
			isa = PBXGroup;
			children = (
				2754268D6720507221BBF52C /* libPods-MVVM_RACDemo.a */,
			);
			name = Frameworks;
			sourceTree = "<group>";
		};
		7733FB972086D86400BA9702 /* ViewController */ = {
			isa = PBXGroup;
			children = (
				77A15A4C2085951B002387FA /* ViewController.h */,
				77A15A4D2085951B002387FA /* ViewController.m */,
			);
			path = ViewController;
			sourceTree = "<group>";
		};
		7733FB992086D89100BA9702 /* ViewModel */ = {
			isa = PBXGroup;
			children = (
				7733FB9E2086D92700BA9702 /* LoginViewModel.h */,
				7733FB9F2086D92700BA9702 /* LoginViewModel.m */,
			);
			path = ViewModel;
			sourceTree = "<group>";
		};
		7733FB9A2086D89C00BA9702 /* Model */ = {
			isa = PBXGroup;
			children = (
				7733FB9B2086D8D300BA9702 /* LoginModel.h */,
				7733FB9C2086D8D300BA9702 /* LoginModel.m */,
			);
			path = Model;
			sourceTree = "<group>";
		};
		77A15A3D2085951B002387FA = {
			isa = PBXGroup;
			children = (
				77A15A482085951B002387FA /* MVVM_RACDemo */,
				77A15A472085951B002387FA /* Products */,
				A4A6E69E783AAE38A41A6E36 /* Pods */,
				17C505A52D29A081AFBABD0E /* Frameworks */,
			);
			sourceTree = "<group>";
		};
		77A15A472085951B002387FA /* Products */ = {
			isa = PBXGroup;
			children = (
				77A15A462085951B002387FA /* MVVM_RACDemo.app */,
			);
			name = Products;
			sourceTree = "<group>";
		};
		77A15A482085951B002387FA /* MVVM_RACDemo */ = {
			isa = PBXGroup;
			children = (
				77A15A492085951B002387FA /* AppDelegate.h */,
				77A15A4A2085951B002387FA /* AppDelegate.m */,
				7733FB9A2086D89C00BA9702 /* Model */,
				7733FB992086D89100BA9702 /* ViewModel */,
				7733FB972086D86400BA9702 /* ViewController */,
				77A15A4F2085951B002387FA /* Main.storyboard */,
				77A15A522085951B002387FA /* Assets.xcassets */,
				77A15A542085951B002387FA /* LaunchScreen.storyboard */,
				77A15A572085951B002387FA /* Info.plist */,
				77A15A582085951B002387FA /* main.m */,
			);
			path = MVVM_RACDemo;
			sourceTree = "<group>";
		};
		A4A6E69E783AAE38A41A6E36 /* Pods */ = {
			isa = PBXGroup;
			children = (
				AC38B0EB68422D3DB0B29FFF /* Pods-MVVM_RACDemo.debug.xcconfig */,
				7559C559F34CEA37A286D84E /* Pods-MVVM_RACDemo.release.xcconfig */,
			);
			name = Pods;
			sourceTree = "<group>";
		};
/* End PBXGroup section */

/* Begin PBXNativeTarget section */
		77A15A452085951B002387FA /* MVVM_RACDemo */ = {
			isa = PBXNativeTarget;
			buildConfigurationList = 77A15A5C2085951B002387FA /* Build configuration list for PBXNativeTarget "MVVM_RACDemo" */;
			buildPhases = (
				95B875C2FAF33D3E3F600065 /* [CP] Check Pods Manifest.lock */,
				77A15A422085951B002387FA /* Sources */,
				77A15A432085951B002387FA /* Frameworks */,
				77A15A442085951B002387FA /* Resources */,
				AEFB81C80D5201D858505A75 /* [CP] Embed Pods Frameworks */,
				99ED2FA37ECF92EB5910864F /* [CP] Copy Pods Resources */,
			);
			buildRules = (
			);
			dependencies = (
			);
			name = MVVM_RACDemo;
			productName = MVVM_RACDemo;
			productReference = 77A15A462085951B002387FA /* MVVM_RACDemo.app */;
			productType = "com.apple.product-type.application";
		};
/* End PBXNativeTarget section */

/* Begin PBXProject section */
		77A15A3E2085951B002387FA /* Project object */ = {
			isa = PBXProject;
			attributes = {
				LastUpgradeCheck = 0920;
				ORGANIZATIONNAME = "杨虎";
				TargetAttributes = {
					77A15A452085951B002387FA = {
						CreatedOnToolsVersion = 9.2;
						ProvisioningStyle = Automatic;
					};
				};
			};
			buildConfigurationList = 77A15A412085951B002387FA /* Build configuration list for PBXProject "MVVM_RACDemo" */;
			compatibilityVersion = "Xcode 8.0";
			developmentRegion = en;
			hasScannedForEncodings = 0;
			knownRegions = (
				en,
				Base,
			);
			mainGroup = 77A15A3D2085951B002387FA;
			productRefGroup = 77A15A472085951B002387FA /* Products */;
			projectDirPath = "";
			projectRoot = "";
			targets = (
				77A15A452085951B002387FA /* MVVM_RACDemo */,
			);
		};
/* End PBXProject section */

/* Begin PBXResourcesBuildPhase section */
		77A15A442085951B002387FA /* Resources */ = {
			isa = PBXResourcesBuildPhase;
			buildActionMask = 2147483647;
			files = (
				77A15A562085951B002387FA /* LaunchScreen.storyboard in Resources */,
				77A15A532085951B002387FA /* Assets.xcassets in Resources */,
				77A15A512085951B002387FA /* Main.storyboard in Resources */,
			);
			runOnlyForDeploymentPostprocessing = 0;
		};
/* End PBXResourcesBuildPhase section */

/* Begin PBXShellScriptBuildPhase section */
		95B875C2FAF33D3E3F600065 /* [CP] Check Pods Manifest.lock */ = {
			isa = PBXShellScriptBuildPhase;
			buildActionMask = 2147483647;
			files = (
			);
			inputPaths = (
				"${PODS_PODFILE_DIR_PATH}/Podfile.lock",
				"${PODS_ROOT}/Manifest.lock",
			);
			name = "[CP] Check Pods Manifest.lock";
			outputPaths = (
				"$(DERIVED_FILE_DIR)/Pods-MVVM_RACDemo-checkManifestLockResult.txt",
			);
			runOnlyForDeploymentPostprocessing = 0;
			shellPath = /bin/sh;
			shellScript = "diff \"${PODS_PODFILE_DIR_PATH}/Podfile.lock\" \"${PODS_ROOT}/Manifest.lock\" > /dev/null\nif [ $? != 0 ] ; then\n    # print error to STDERR\n    echo \"error: The sandbox is not in sync with the Podfile.lock. Run 'pod install' or update your CocoaPods installation.\" >&2\n    exit 1\nfi\n# This output is used by Xcode 'outputs' to avoid re-running this script phase.\necho \"SUCCESS\" > \"${SCRIPT_OUTPUT_FILE_0}\"\n";
			showEnvVarsInLog = 0;
		};
		99ED2FA37ECF92EB5910864F /* [CP] Copy Pods Resources */ = {
			isa = PBXShellScriptBuildPhase;
			buildActionMask = 2147483647;
			files = (
			);
			inputPaths = (
			);
			name = "[CP] Copy Pods Resources";
			outputPaths = (
			);
			runOnlyForDeploymentPostprocessing = 0;
			shellPath = /bin/sh;
			shellScript = "\"${SRCROOT}/Pods/Target Support Files/Pods-MVVM_RACDemo/Pods-MVVM_RACDemo-resources.sh\"\n";
			showEnvVarsInLog = 0;
		};
		AEFB81C80D5201D858505A75 /* [CP] Embed Pods Frameworks */ = {
			isa = PBXShellScriptBuildPhase;
			buildActionMask = 2147483647;
			files = (
			);
			inputPaths = (
				"${SRCROOT}/Pods/Target Support Files/Pods-MVVM_RACDemo/Pods-MVVM_RACDemo-frameworks.sh",
				"${BUILT_PRODUCTS_DIR}/ReactiveCocoa/ReactiveCocoa.framework",
				"${BUILT_PRODUCTS_DIR}/ReactiveSwift/ReactiveSwift.framework",
				"${BUILT_PRODUCTS_DIR}/Result/Result.framework",
			);
			name = "[CP] Embed Pods Frameworks";
			outputPaths = (
				"${TARGET_BUILD_DIR}/${FRAMEWORKS_FOLDER_PATH}/ReactiveCocoa.framework",
				"${TARGET_BUILD_DIR}/${FRAMEWORKS_FOLDER_PATH}/ReactiveSwift.framework",
				"${TARGET_BUILD_DIR}/${FRAMEWORKS_FOLDER_PATH}/Result.framework",
			);
			runOnlyForDeploymentPostprocessing = 0;
			shellPath = /bin/sh;
			shellScript = "\"${SRCROOT}/Pods/Target Support Files/Pods-MVVM_RACDemo/Pods-MVVM_RACDemo-frameworks.sh\"\n";
			showEnvVarsInLog = 0;
		};
/* End PBXShellScriptBuildPhase section */

/* Begin PBXSourcesBuildPhase section */
		77A15A422085951B002387FA /* Sources */ = {
			isa = PBXSourcesBuildPhase;
			buildActionMask = 2147483647;
			files = (
				77A15A4E2085951B002387FA /* ViewController.m in Sources */,
				7733FB9D2086D8D300BA9702 /* LoginModel.m in Sources */,
				77A15A592085951B002387FA /* main.m in Sources */,
				7733FBA02086D92700BA9702 /* LoginViewModel.m in Sources */,
				77A15A4B2085951B002387FA /* AppDelegate.m in Sources */,
			);
			runOnlyForDeploymentPostprocessing = 0;
		};
/* End PBXSourcesBuildPhase section */

/* Begin PBXVariantGroup section */
		77A15A4F2085951B002387FA /* Main.storyboard */ = {
			isa = PBXVariantGroup;
			children = (
				77A15A502085951B002387FA /* Base */,
			);
			name = Main.storyboard;
			sourceTree = "<group>";
		};
		77A15A542085951B002387FA /* LaunchScreen.storyboard */ = {
			isa = PBXVariantGroup;
			children = (
				77A15A552085951B002387FA /* Base */,
			);
			name = LaunchScreen.storyboard;
			sourceTree = "<group>";
		};
/* End PBXVariantGroup section */

/* Begin XCBuildConfiguration section */
		77A15A5A2085951B002387FA /* Debug */ = {
			isa = XCBuildConfiguration;
			buildSettings = {
				ALWAYS_SEARCH_USER_PATHS = NO;
				CLANG_ANALYZER_NONNULL = YES;
				CLANG_ANALYZER_NUMBER_OBJECT_CONVERSION = YES_AGGRESSIVE;
				CLANG_CXX_LANGUAGE_STANDARD = "gnu++14";
				CLANG_CXX_LIBRARY = "libc++";
				CLANG_ENABLE_MODULES = YES;
				CLANG_ENABLE_OBJC_ARC = YES;
				CLANG_WARN_BLOCK_CAPTURE_AUTORELEASING = YES;
				CLANG_WARN_BOOL_CONVERSION = YES;
				CLANG_WARN_COMMA = YES;
				CLANG_WARN_CONSTANT_CONVERSION = YES;
				CLANG_WARN_DIRECT_OBJC_ISA_USAGE = YES_ERROR;
				CLANG_WARN_DOCUMENTATION_COMMENTS = YES;
				CLANG_WARN_EMPTY_BODY = YES;
				CLANG_WARN_ENUM_CONVERSION = YES;
				CLANG_WARN_INFINITE_RECURSION = YES;
				CLANG_WARN_INT_CONVERSION = YES;
				CLANG_WARN_NON_LITERAL_NULL_CONVERSION = YES;
				CLANG_WARN_OBJC_LITERAL_CONVERSION = YES;
				CLANG_WARN_OBJC_ROOT_CLASS = YES_ERROR;
				CLANG_WARN_RANGE_LOOP_ANALYSIS = YES;
				CLANG_WARN_STRICT_PROTOTYPES = YES;
				CLANG_WARN_SUSPICIOUS_MOVE = YES;
				CLANG_WARN_UNGUARDED_AVAILABILITY = YES_AGGRESSIVE;
				CLANG_WARN_UNREACHABLE_CODE = YES;
				CLANG_WARN__DUPLICATE_METHOD_MATCH = YES;
				CODE_SIGN_IDENTITY = "iPhone Developer";
				COPY_PHASE_STRIP = NO;
				DEBUG_INFORMATION_FORMAT = dwarf;
				ENABLE_STRICT_OBJC_MSGSEND = YES;
				ENABLE_TESTABILITY = YES;
				GCC_C_LANGUAGE_STANDARD = gnu11;
				GCC_DYNAMIC_NO_PIC = NO;
				GCC_NO_COMMON_BLOCKS = YES;
				GCC_OPTIMIZATION_LEVEL = 0;
				GCC_PREPROCESSOR_DEFINITIONS = (
					"DEBUG=1",
					"$(inherited)",
				);
				GCC_WARN_64_TO_32_BIT_CONVERSION = YES;
				GCC_WARN_ABOUT_RETURN_TYPE = YES_ERROR;
				GCC_WARN_UNDECLARED_SELECTOR = YES;
				GCC_WARN_UNINITIALIZED_AUTOS = YES_AGGRESSIVE;
				GCC_WARN_UNUSED_FUNCTION = YES;
				GCC_WARN_UNUSED_VARIABLE = YES;
				IPHONEOS_DEPLOYMENT_TARGET = 11.2;
				MTL_ENABLE_DEBUG_INFO = YES;
				ONLY_ACTIVE_ARCH = YES;
				SDKROOT = iphoneos;
			};
			name = Debug;
		};
		77A15A5B2085951B002387FA /* Release */ = {
			isa = XCBuildConfiguration;
			buildSettings = {
				ALWAYS_SEARCH_USER_PATHS = NO;
				CLANG_ANALYZER_NONNULL = YES;
				CLANG_ANALYZER_NUMBER_OBJECT_CONVERSION = YES_AGGRESSIVE;
				CLANG_CXX_LANGUAGE_STANDARD = "gnu++14";
				CLANG_CXX_LIBRARY = "libc++";
				CLANG_ENABLE_MODULES = YES;
				CLANG_ENABLE_OBJC_ARC = YES;
				CLANG_WARN_BLOCK_CAPTURE_AUTORELEASING = YES;
				CLANG_WARN_BOOL_CONVERSION = YES;
				CLANG_WARN_COMMA = YES;
				CLANG_WARN_CONSTANT_CONVERSION = YES;
				CLANG_WARN_DIRECT_OBJC_ISA_USAGE = YES_ERROR;
				CLANG_WARN_DOCUMENTATION_COMMENTS = YES;
				CLANG_WARN_EMPTY_BODY = YES;
				CLANG_WARN_ENUM_CONVERSION = YES;
				CLANG_WARN_INFINITE_RECURSION = YES;
				CLANG_WARN_INT_CONVERSION = YES;
				CLANG_WARN_NON_LITERAL_NULL_CONVERSION = YES;
				CLANG_WARN_OBJC_LITERAL_CONVERSION = YES;
				CLANG_WARN_OBJC_ROOT_CLASS = YES_ERROR;
				CLANG_WARN_RANGE_LOOP_ANALYSIS = YES;
				CLANG_WARN_STRICT_PROTOTYPES = YES;
				CLANG_WARN_SUSPICIOUS_MOVE = YES;
				CLANG_WARN_UNGUARDED_AVAILABILITY = YES_AGGRESSIVE;
				CLANG_WARN_UNREACHABLE_CODE = YES;
				CLANG_WARN__DUPLICATE_METHOD_MATCH = YES;
				CODE_SIGN_IDENTITY = "iPhone Developer";
				COPY_PHASE_STRIP = NO;
				DEBUG_INFORMATION_FORMAT = "dwarf-with-dsym";
				ENABLE_NS_ASSERTIONS = NO;
				ENABLE_STRICT_OBJC_MSGSEND = YES;
				GCC_C_LANGUAGE_STANDARD = gnu11;
				GCC_NO_COMMON_BLOCKS = YES;
				GCC_WARN_64_TO_32_BIT_CONVERSION = YES;
				GCC_WARN_ABOUT_RETURN_TYPE = YES_ERROR;
				GCC_WARN_UNDECLARED_SELECTOR = YES;
				GCC_WARN_UNINITIALIZED_AUTOS = YES_AGGRESSIVE;
				GCC_WARN_UNUSED_FUNCTION = YES;
				GCC_WARN_UNUSED_VARIABLE = YES;
				IPHONEOS_DEPLOYMENT_TARGET = 11.2;
				MTL_ENABLE_DEBUG_INFO = NO;
				SDKROOT = iphoneos;
				VALIDATE_PRODUCT = YES;
			};
			name = Release;
		};
		77A15A5D2085951B002387FA /* Debug */ = {
			isa = XCBuildConfiguration;
			baseConfigurationReference = AC38B0EB68422D3DB0B29FFF /* Pods-MVVM_RACDemo.debug.xcconfig */;
			buildSettings = {
				ASSETCATALOG_COMPILER_APPICON_NAME = AppIcon;
				CODE_SIGN_STYLE = Automatic;
				DEVELOPMENT_TEAM = 7EZ23W2MEV;
				INFOPLIST_FILE = MVVM_RACDemo/Info.plist;
				LD_RUNPATH_SEARCH_PATHS = "$(inherited) @executable_path/Frameworks";
				NEW_SETTING = "";
				PRODUCT_BUNDLE_IDENTIFIER = "com.yanghu.MVVM-RACDemo";
				PRODUCT_NAME = "$(TARGET_NAME)";
				TARGETED_DEVICE_FAMILY = "1,2";
			};
			name = Debug;
		};
		77A15A5E2085951B002387FA /* Release */ = {
			isa = XCBuildConfiguration;
			baseConfigurationReference = 7559C559F34CEA37A286D84E /* Pods-MVVM_RACDemo.release.xcconfig */;
			buildSettings = {
				ASSETCATALOG_COMPILER_APPICON_NAME = AppIcon;
				CODE_SIGN_STYLE = Automatic;
				DEVELOPMENT_TEAM = 7EZ23W2MEV;
				INFOPLIST_FILE = MVVM_RACDemo/Info.plist;
				LD_RUNPATH_SEARCH_PATHS = "$(inherited) @executable_path/Frameworks";
				NEW_SETTING = "";
				PRODUCT_BUNDLE_IDENTIFIER = "com.yanghu.MVVM-RACDemo";
				PRODUCT_NAME = "$(TARGET_NAME)";
				TARGETED_DEVICE_FAMILY = "1,2";
			};
			name = Release;
		};
/* End XCBuildConfiguration section */

/* Begin XCConfigurationList section */
		77A15A412085951B002387FA /* Build configuration list for PBXProject "MVVM_RACDemo" */ = {
			isa = XCConfigurationList;
			buildConfigurations = (
				77A15A5A2085951B002387FA /* Debug */,
				77A15A5B2085951B002387FA /* Release */,
			);
			defaultConfigurationIsVisible = 0;
			defaultConfigurationName = Release;
		};
		77A15A5C2085951B002387FA /* Build configuration list for PBXNativeTarget "MVVM_RACDemo" */ = {
			isa = XCConfigurationList;
			buildConfigurations = (
				77A15A5D2085951B002387FA /* Debug */,
				77A15A5E2085951B002387FA /* Release */,
			);
			defaultConfigurationIsVisible = 0;
			defaultConfigurationName = Release;
		};
/* End XCConfigurationList section */
	};
	rootObject = 77A15A3E2085951B002387FA /* Project object */;
}
